{
    "_meta": {
        "hash": {
            "sha256": "5b7b1ff8239ceec230398d20321d44fe48f0be898007753cf691a6eb588be8a0"
        },
        "requires": {},
        "sources": [
            {
                "url": "https://pypi.python.org/simple",
                "verify_ssl": true
            }
        ]
    },
    "default": {
        "llvmlite": {
            "version": "==0.19.0"
        },
        "numba": {
            "version": "==0.34.0"
        },
        "numpy": {
            "version": "==1.13.1"
        }
    },
    "develop": {}
}
